
Microsoft Visual Studio Solution File, Format Version 12.00
# Visual Studio Version 17
VisualStudioVersion = 17.8.34525.116
MinimumVisualStudioVersion = 10.0.40219.1
Project("{9A19103F-16F7-4668-BE54-9A1E7A4F7556}") = "IPTVRelay.Library", "IPTVRelay.Library\IPTVRelay.Library.csproj", "{F3891A94-1A55-4B3E-B523-A63C254DF4D3}"
EndProject
Project("{9A19103F-16F7-4668-BE54-9A1E7A4F7556}") = "IPTVRelay.Test", "IPTVRelay.Test\IPTVRelay.Test.csproj", "{86A1F510-7F1A-4B62-A8B4-C007C380A1BB}"
EndProject
Project("{9A19103F-16F7-4668-BE54-9A1E7A4F7556}") = "IPTVRelay.Database", "IPTVRelay.Database\IPTVRelay.Database.csproj", "{3075E0C1-FD00-45DD-93CD-03E8D108F120}"
EndProject
Project("{9A19103F-16F7-4668-BE54-9A1E7A4F7556}") = "IPTVRelay.Blazor", "IPTVRelay.Blazor\IPTVRelay.Blazor\IPTVRelay.Blazor.csproj", "{53C06601-353B-459A-8948-3FB4DF3B04A8}"
EndProject
Project("{9A19103F-16F7-4668-BE54-9A1E7A4F7556}") = "IPTVRelay.Blazor.Client", "IPTVRelay.Blazor\IPTVRelay.Blazor.Client\IPTVRelay.Blazor.Client.csproj", "{095D2B65-67DE-41BD-B597-EAD5129FA2ED}"
EndProject
Global
	GlobalSection(SolutionConfigurationPlatforms) = preSolution
		Debug|Any CPU = Debug|Any CPU
		Release|Any CPU = Release|Any CPU
	EndGlobalSection
	GlobalSection(ProjectConfigurationPlatforms) = postSolution
		{F3891A94-1A55-4B3E-B523-A63C254DF4D3}.Debug|Any CPU.ActiveCfg = Debug|Any CPU
		{F3891A94-1A55-4B3E-B523-A63C254DF4D3}.Debug|Any CPU.Build.0 = Debug|Any CPU
		{F3891A94-1A55-4B3E-B523-A63C254DF4D3}.Release|Any CPU.ActiveCfg = Release|Any CPU
		{F3891A94-1A55-4B3E-B523-A63C254DF4D3}.Release|Any CPU.Build.0 = Release|Any CPU
		{86A1F510-7F1A-4B62-A8B4-C007C380A1BB}.Debug|Any CPU.ActiveCfg = Debug|Any CPU
		{86A1F510-7F1A-4B62-A8B4-C007C380A1BB}.Debug|Any CPU.Build.0 = Debug|Any CPU
		{86A1F510-7F1A-4B62-A8B4-C007C380A1BB}.Release|Any CPU.ActiveCfg = Release|Any CPU
		{86A1F510-7F1A-4B62-A8B4-C007C380A1BB}.Release|Any CPU.Build.0 = Release|Any CPU
		{3075E0C1-FD00-45DD-93CD-03E8D108F120}.Debug|Any CPU.ActiveCfg = Debug|Any CPU
		{3075E0C1-FD00-45DD-93CD-03E8D108F120}.Debug|Any CPU.Build.0 = Debug|Any CPU
		{3075E0C1-FD00-45DD-93CD-03E8D108F120}.Release|Any CPU.ActiveCfg = Release|Any CPU
		{3075E0C1-FD00-45DD-93CD-03E8D108F120}.Release|Any CPU.Build.0 = Release|Any CPU
		{53C06601-353B-459A-8948-3FB4DF3B04A8}.Debug|Any CPU.ActiveCfg = Debug|Any CPU
		{53C06601-353B-459A-8948-3FB4DF3B04A8}.Debug|Any CPU.Build.0 = Debug|Any CPU
		{53C06601-353B-459A-8948-3FB4DF3B04A8}.Release|Any CPU.ActiveCfg = Release|Any CPU
		{53C06601-353B-459A-8948-3FB4DF3B04A8}.Release|Any CPU.Build.0 = Release|Any CPU
		{095D2B65-67DE-41BD-B597-EAD5129FA2ED}.Debug|Any CPU.ActiveCfg = Debug|Any CPU
		{095D2B65-67DE-41BD-B597-EAD5129FA2ED}.Debug|Any CPU.Build.0 = Debug|Any CPU
		{095D2B65-67DE-41BD-B597-EAD5129FA2ED}.Release|Any CPU.ActiveCfg = Release|Any CPU
		{095D2B65-67DE-41BD-B597-EAD5129FA2ED}.Release|Any CPU.Build.0 = Release|Any CPU
	EndGlobalSection
	GlobalSection(SolutionProperties) = preSolution
		HideSolutionNode = FALSE
	EndGlobalSection
	GlobalSection(ExtensibilityGlobals) = postSolution
		SolutionGuid = {69C1A750-AEBD-428E-BC0F-6FDC0720EFA1}
	EndGlobalSection
EndGlobal
